
Microsoft Visual Studio Solution File, Format Version 12.00
# Visual Studio 15
VisualStudioVersion = 15.0.27130.2010
MinimumVisualStudioVersion = 10.0.40219.1
Project("{9A19103F-16F7-4668-BE54-9A1E7A4F7556}") = "Proyecto.BIZ", "Proyecto.BIZ\Proyecto.BIZ.csproj", "{3D5303B2-923E-46C2-BEA3-2C4396134BA8}"
EndProject
Project("{9A19103F-16F7-4668-BE54-9A1E7A4F7556}") = "Proyecto.DAL", "Proyecto.DAL\Proyecto.DAL.csproj", "{6394A7B7-328F-41E2-B73C-6E70F1DFF6BE}"
EndProject
Project("{9A19103F-16F7-4668-BE54-9A1E7A4F7556}") = "Proyecto.COMMON", "Proyecto.COMMON\Proyecto.COMMON.csproj", "{BDE170DB-A3C8-438F-940E-39CF420CEBDE}"
EndProject
Project("{FAE04EC0-301F-11D3-BF4B-00C04F79EFBC}") = "Proyectos.Administrador.GUI", "Proyectos.Administrador.GUI\Proyectos.Administrador.GUI.csproj", "{25444136-EB7D-478F-ABC9-C50E83B2B07D}"
EndProject
Project("{FAE04EC0-301F-11D3-BF4B-00C04F79EFBC}") = "Proyectos.Mesero.GUI", "Proyectos.Mesero.GUI\Proyectos.Mesero.GUI.csproj", "{F6D87FD3-1A80-4F0D-B4F3-B7EFF3E36D12}"
EndProject
Project("{2150E333-8FDC-42A3-9474-1A3956D46DE8}") = "Escritorio", "Escritorio", "{4F0B724A-C55C-48D0-A5FE-BCE5A3F9E2AA}"
EndProject
Project("{2150E333-8FDC-42A3-9474-1A3956D46DE8}") = "CapasBase", "CapasBase", "{9520DED6-50A3-45D2-8576-9992E03BC5E4}"
EndProject
Project("{2150E333-8FDC-42A3-9474-1A3956D46DE8}") = "Moviles", "Moviles", "{4DCF1465-AE98-4BFD-A840-FDE600D98C05}"
EndProject
Project("{FAE04EC0-301F-11D3-BF4B-00C04F79EFBC}") = "Proyecto.Movil.Android", "Proyecto.Movil\Proyecto.Movil.Android\Proyecto.Movil.Android.csproj", "{7168D675-1972-4CC1-A70B-0FA061C4122B}"
EndProject
Project("{FAE04EC0-301F-11D3-BF4B-00C04F79EFBC}") = "Proyecto.Movil.iOS", "Proyecto.Movil\Proyecto.Movil.iOS\Proyecto.Movil.iOS.csproj", "{223FB81E-C157-46DC-BADB-0A1FCFE21301}"
EndProject
Project("{FAE04EC0-301F-11D3-BF4B-00C04F79EFBC}") = "Proyecto.Movil.UWP", "Proyecto.Movil\Proyecto.Movil.UWP\Proyecto.Movil.UWP.csproj", "{FA683C39-090F-4F57-B540-B049C935943F}"
EndProject
Project("{FAE04EC0-301F-11D3-BF4B-00C04F79EFBC}") = "Proyecto.Movil", "Proyecto.Movil\Proyecto.Movil\Proyecto.Movil.csproj", "{E899482A-995E-4067-A7EB-668C7EA4DADE}"
EndProject
Global
	GlobalSection(SolutionConfigurationPlatforms) = preSolution
		Ad-Hoc|Any CPU = Ad-Hoc|Any CPU
		Ad-Hoc|ARM = Ad-Hoc|ARM
		Ad-Hoc|iPhone = Ad-Hoc|iPhone
		Ad-Hoc|iPhoneSimulator = Ad-Hoc|iPhoneSimulator
		Ad-Hoc|x64 = Ad-Hoc|x64
		Ad-Hoc|x86 = Ad-Hoc|x86
		AppStore|Any CPU = AppStore|Any CPU
		AppStore|ARM = AppStore|ARM
		AppStore|iPhone = AppStore|iPhone
		AppStore|iPhoneSimulator = AppStore|iPhoneSimulator
		AppStore|x64 = AppStore|x64
		AppStore|x86 = AppStore|x86
		Debug|Any CPU = Debug|Any CPU
		Debug|ARM = Debug|ARM
		Debug|iPhone = Debug|iPhone
		Debug|iPhoneSimulator = Debug|iPhoneSimulator
		Debug|x64 = Debug|x64
		Debug|x86 = Debug|x86
		Release|Any CPU = Release|Any CPU
		Release|ARM = Release|ARM
		Release|iPhone = Release|iPhone
		Release|iPhoneSimulator = Release|iPhoneSimulator
		Release|x64 = Release|x64
		Release|x86 = Release|x86
	EndGlobalSection
	GlobalSection(ProjectConfigurationPlatforms) = postSolution
		{3D5303B2-923E-46C2-BEA3-2C4396134BA8}.Ad-Hoc|Any CPU.ActiveCfg = Release|Any CPU
		{3D5303B2-923E-46C2-BEA3-2C4396134BA8}.Ad-Hoc|Any CPU.Build.0 = Release|Any CPU
		{3D5303B2-923E-46C2-BEA3-2C4396134BA8}.Ad-Hoc|ARM.ActiveCfg = Release|Any CPU
		{3D5303B2-923E-46C2-BEA3-2C4396134BA8}.Ad-Hoc|ARM.Build.0 = Release|Any CPU
		{3D5303B2-923E-46C2-BEA3-2C4396134BA8}.Ad-Hoc|iPhone.ActiveCfg = Release|Any CPU
		{3D5303B2-923E-46C2-BEA3-2C4396134BA8}.Ad-Hoc|iPhone.Build.0 = Release|Any CPU
		{3D5303B2-923E-46C2-BEA3-2C4396134BA8}.Ad-Hoc|iPhoneSimulator.ActiveCfg = Release|Any CPU
		{3D5303B2-923E-46C2-BEA3-2C4396134BA8}.Ad-Hoc|iPhoneSimulator.Build.0 = Release|Any CPU
		{3D5303B2-923E-46C2-BEA3-2C4396134BA8}.Ad-Hoc|x64.ActiveCfg = Release|Any CPU
		{3D5303B2-923E-46C2-BEA3-2C4396134BA8}.Ad-Hoc|x64.Build.0 = Release|Any CPU
		{3D5303B2-923E-46C2-BEA3-2C4396134BA8}.Ad-Hoc|x86.ActiveCfg = Release|Any CPU
		{3D5303B2-923E-46C2-BEA3-2C4396134BA8}.Ad-Hoc|x86.Build.0 = Release|Any CPU
		{3D5303B2-923E-46C2-BEA3-2C4396134BA8}.AppStore|Any CPU.ActiveCfg = Release|Any CPU
		{3D5303B2-923E-46C2-BEA3-2C4396134BA8}.AppStore|Any CPU.Build.0 = Release|Any CPU
		{3D5303B2-923E-46C2-BEA3-2C4396134BA8}.AppStore|ARM.ActiveCfg = Release|Any CPU
		{3D5303B2-923E-46C2-BEA3-2C4396134BA8}.AppStore|ARM.Build.0 = Release|Any CPU
		{3D5303B2-923E-46C2-BEA3-2C4396134BA8}.AppStore|iPhone.ActiveCfg = Release|Any CPU
		{3D5303B2-923E-46C2-BEA3-2C4396134BA8}.AppStore|iPhone.Build.0 = Release|Any CPU
		{3D5303B2-923E-46C2-BEA3-2C4396134BA8}.AppStore|iPhoneSimulator.ActiveCfg = Release|Any CPU
		{3D5303B2-923E-46C2-BEA3-2C4396134BA8}.AppStore|iPhoneSimulator.Build.0 = Release|Any CPU
		{3D5303B2-923E-46C2-BEA3-2C4396134BA8}.AppStore|x64.ActiveCfg = Release|Any CPU
		{3D5303B2-923E-46C2-BEA3-2C4396134BA8}.AppStore|x64.Build.0 = Release|Any CPU
		{3D5303B2-923E-46C2-BEA3-2C4396134BA8}.AppStore|x86.ActiveCfg = Release|Any CPU
		{3D5303B2-923E-46C2-BEA3-2C4396134BA8}.AppStore|x86.Build.0 = Release|Any CPU
		{3D5303B2-923E-46C2-BEA3-2C4396134BA8}.Debug|Any CPU.ActiveCfg = Debug|Any CPU
		{3D5303B2-923E-46C2-BEA3-2C4396134BA8}.Debug|Any CPU.Build.0 = Debug|Any CPU
		{3D5303B2-923E-46C2-BEA3-2C4396134BA8}.Debug|ARM.ActiveCfg = Debug|Any CPU
		{3D5303B2-923E-46C2-BEA3-2C4396134BA8}.Debug|ARM.Build.0 = Debug|Any CPU
		{3D5303B2-923E-46C2-BEA3-2C4396134BA8}.Debug|iPhone.ActiveCfg = Debug|Any CPU
		{3D5303B2-923E-46C2-BEA3-2C4396134BA8}.Debug|iPhone.Build.0 = Debug|Any CPU
		{3D5303B2-923E-46C2-BEA3-2C4396134BA8}.Debug|iPhoneSimulator.ActiveCfg = Debug|Any CPU
		{3D5303B2-923E-46C2-BEA3-2C4396134BA8}.Debug|iPhoneSimulator.Build.0 = Debug|Any CPU
		{3D5303B2-923E-46C2-BEA3-2C4396134BA8}.Debug|x64.ActiveCfg = Debug|Any CPU
		{3D5303B2-923E-46C2-BEA3-2C4396134BA8}.Debug|x64.Build.0 = Debug|Any CPU
		{3D5303B2-923E-46C2-BEA3-2C4396134BA8}.Debug|x86.ActiveCfg = Debug|Any CPU
		{3D5303B2-923E-46C2-BEA3-2C4396134BA8}.Debug|x86.Build.0 = Debug|Any CPU
		{3D5303B2-923E-46C2-BEA3-2C4396134BA8}.Release|Any CPU.ActiveCfg = Release|Any CPU
		{3D5303B2-923E-46C2-BEA3-2C4396134BA8}.Release|Any CPU.Build.0 = Release|Any CPU
		{3D5303B2-923E-46C2-BEA3-2C4396134BA8}.Release|ARM.ActiveCfg = Release|Any CPU
		{3D5303B2-923E-46C2-BEA3-2C4396134BA8}.Release|ARM.Build.0 = Release|Any CPU
		{3D5303B2-923E-46C2-BEA3-2C4396134BA8}.Release|iPhone.ActiveCfg = Release|Any CPU
		{3D5303B2-923E-46C2-BEA3-2C4396134BA8}.Release|iPhone.Build.0 = Release|Any CPU
		{3D5303B2-923E-46C2-BEA3-2C4396134BA8}.Release|iPhoneSimulator.ActiveCfg = Release|Any CPU
		{3D5303B2-923E-46C2-BEA3-2C4396134BA8}.Release|iPhoneSimulator.Build.0 = Release|Any CPU
		{3D5303B2-923E-46C2-BEA3-2C4396134BA8}.Release|x64.ActiveCfg = Release|Any CPU
		{3D5303B2-923E-46C2-BEA3-2C4396134BA8}.Release|x64.Build.0 = Release|Any CPU
		{3D5303B2-923E-46C2-BEA3-2C4396134BA8}.Release|x86.ActiveCfg = Release|Any CPU
		{3D5303B2-923E-46C2-BEA3-2C4396134BA8}.Release|x86.Build.0 = Release|Any CPU
		{6394A7B7-328F-41E2-B73C-6E70F1DFF6BE}.Ad-Hoc|Any CPU.ActiveCfg = Release|Any CPU
		{6394A7B7-328F-41E2-B73C-6E70F1DFF6BE}.Ad-Hoc|Any CPU.Build.0 = Release|Any CPU
		{6394A7B7-328F-41E2-B73C-6E70F1DFF6BE}.Ad-Hoc|ARM.ActiveCfg = Release|Any CPU
		{6394A7B7-328F-41E2-B73C-6E70F1DFF6BE}.Ad-Hoc|ARM.Build.0 = Release|Any CPU
		{6394A7B7-328F-41E2-B73C-6E70F1DFF6BE}.Ad-Hoc|iPhone.ActiveCfg = Release|Any CPU
		{6394A7B7-328F-41E2-B73C-6E70F1DFF6BE}.Ad-Hoc|iPhone.Build.0 = Release|Any CPU
		{6394A7B7-328F-41E2-B73C-6E70F1DFF6BE}.Ad-Hoc|iPhoneSimulator.ActiveCfg = Release|Any CPU
		{6394A7B7-328F-41E2-B73C-6E70F1DFF6BE}.Ad-Hoc|iPhoneSimulator.Build.0 = Release|Any CPU
		{6394A7B7-328F-41E2-B73C-6E70F1DFF6BE}.Ad-Hoc|x64.ActiveCfg = Release|Any CPU
		{6394A7B7-328F-41E2-B73C-6E70F1DFF6BE}.Ad-Hoc|x64.Build.0 = Release|Any CPU
		{6394A7B7-328F-41E2-B73C-6E70F1DFF6BE}.Ad-Hoc|x86.ActiveCfg = Release|Any CPU
		{6394A7B7-328F-41E2-B73C-6E70F1DFF6BE}.Ad-Hoc|x86.Build.0 = Release|Any CPU
		{6394A7B7-328F-41E2-B73C-6E70F1DFF6BE}.AppStore|Any CPU.ActiveCfg = Release|Any CPU
		{6394A7B7-328F-41E2-B73C-6E70F1DFF6BE}.AppStore|Any CPU.Build.0 = Release|Any CPU
		{6394A7B7-328F-41E2-B73C-6E70F1DFF6BE}.AppStore|ARM.ActiveCfg = Release|Any CPU
		{6394A7B7-328F-41E2-B73C-6E70F1DFF6BE}.AppStore|ARM.Build.0 = Release|Any CPU
		{6394A7B7-328F-41E2-B73C-6E70F1DFF6BE}.AppStore|iPhone.ActiveCfg = Release|Any CPU
		{6394A7B7-328F-41E2-B73C-6E70F1DFF6BE}.AppStore|iPhone.Build.0 = Release|Any CPU
		{6394A7B7-328F-41E2-B73C-6E70F1DFF6BE}.AppStore|iPhoneSimulator.ActiveCfg = Release|Any CPU
		{6394A7B7-328F-41E2-B73C-6E70F1DFF6BE}.AppStore|iPhoneSimulator.Build.0 = Release|Any CPU
		{6394A7B7-328F-41E2-B73C-6E70F1DFF6BE}.AppStore|x64.ActiveCfg = Release|Any CPU
		{6394A7B7-328F-41E2-B73C-6E70F1DFF6BE}.AppStore|x64.Build.0 = Release|Any CPU
		{6394A7B7-328F-41E2-B73C-6E70F1DFF6BE}.AppStore|x86.ActiveCfg = Release|Any CPU
		{6394A7B7-328F-41E2-B73C-6E70F1DFF6BE}.AppStore|x86.Build.0 = Release|Any CPU
		{6394A7B7-328F-41E2-B73C-6E70F1DFF6BE}.Debug|Any CPU.ActiveCfg = Debug|Any CPU
		{6394A7B7-328F-41E2-B73C-6E70F1DFF6BE}.Debug|Any CPU.Build.0 = Debug|Any CPU
		{6394A7B7-328F-41E2-B73C-6E70F1DFF6BE}.Debug|ARM.ActiveCfg = Debug|Any CPU
		{6394A7B7-328F-41E2-B73C-6E70F1DFF6BE}.Debug|ARM.Build.0 = Debug|Any CPU
		{6394A7B7-328F-41E2-B73C-6E70F1DFF6BE}.Debug|iPhone.ActiveCfg = Debug|Any CPU
		{6394A7B7-328F-41E2-B73C-6E70F1DFF6BE}.Debug|iPhone.Build.0 = Debug|Any CPU
		{6394A7B7-328F-41E2-B73C-6E70F1DFF6BE}.Debug|iPhoneSimulator.ActiveCfg = Debug|Any CPU
		{6394A7B7-328F-41E2-B73C-6E70F1DFF6BE}.Debug|iPhoneSimulator.Build.0 = Debug|Any CPU
		{6394A7B7-328F-41E2-B73C-6E70F1DFF6BE}.Debug|x64.ActiveCfg = Debug|Any CPU
		{6394A7B7-328F-41E2-B73C-6E70F1DFF6BE}.Debug|x64.Build.0 = Debug|Any CPU
		{6394A7B7-328F-41E2-B73C-6E70F1DFF6BE}.Debug|x86.ActiveCfg = Debug|Any CPU
		{6394A7B7-328F-41E2-B73C-6E70F1DFF6BE}.Debug|x86.Build.0 = Debug|Any CPU
		{6394A7B7-328F-41E2-B73C-6E70F1DFF6BE}.Release|Any CPU.ActiveCfg = Release|Any CPU
		{6394A7B7-328F-41E2-B73C-6E70F1DFF6BE}.Release|Any CPU.Build.0 = Release|Any CPU
		{6394A7B7-328F-41E2-B73C-6E70F1DFF6BE}.Release|ARM.ActiveCfg = Release|Any CPU
		{6394A7B7-328F-41E2-B73C-6E70F1DFF6BE}.Release|ARM.Build.0 = Release|Any CPU
		{6394A7B7-328F-41E2-B73C-6E70F1DFF6BE}.Release|iPhone.ActiveCfg = Release|Any CPU
		{6394A7B7-328F-41E2-B73C-6E70F1DFF6BE}.Release|iPhone.Build.0 = Release|Any CPU
		{6394A7B7-328F-41E2-B73C-6E70F1DFF6BE}.Release|iPhoneSimulator.ActiveCfg = Release|Any CPU
		{6394A7B7-328F-41E2-B73C-6E70F1DFF6BE}.Release|iPhoneSimulator.Build.0 = Release|Any CPU
		{6394A7B7-328F-41E2-B73C-6E70F1DFF6BE}.Release|x64.ActiveCfg = Release|Any CPU
		{6394A7B7-328F-41E2-B73C-6E70F1DFF6BE}.Release|x64.Build.0 = Release|Any CPU
		{6394A7B7-328F-41E2-B73C-6E70F1DFF6BE}.Release|x86.ActiveCfg = Release|Any CPU
		{6394A7B7-328F-41E2-B73C-6E70F1DFF6BE}.Release|x86.Build.0 = Release|Any CPU
		{BDE170DB-A3C8-438F-940E-39CF420CEBDE}.Ad-Hoc|Any CPU.ActiveCfg = Release|Any CPU
		{BDE170DB-A3C8-438F-940E-39CF420CEBDE}.Ad-Hoc|Any CPU.Build.0 = Release|Any CPU
		{BDE170DB-A3C8-438F-940E-39CF420CEBDE}.Ad-Hoc|ARM.ActiveCfg = Release|Any CPU
		{BDE170DB-A3C8-438F-940E-39CF420CEBDE}.Ad-Hoc|ARM.Build.0 = Release|Any CPU
		{BDE170DB-A3C8-438F-940E-39CF420CEBDE}.Ad-Hoc|iPhone.ActiveCfg = Release|Any CPU
		{BDE170DB-A3C8-438F-940E-39CF420CEBDE}.Ad-Hoc|iPhone.Build.0 = Release|Any CPU
		{BDE170DB-A3C8-438F-940E-39CF420CEBDE}.Ad-Hoc|iPhoneSimulator.ActiveCfg = Release|Any CPU
		{BDE170DB-A3C8-438F-940E-39CF420CEBDE}.Ad-Hoc|iPhoneSimulator.Build.0 = Release|Any CPU
		{BDE170DB-A3C8-438F-940E-39CF420CEBDE}.Ad-Hoc|x64.ActiveCfg = Release|Any CPU
		{BDE170DB-A3C8-438F-940E-39CF420CEBDE}.Ad-Hoc|x64.Build.0 = Release|Any CPU
		{BDE170DB-A3C8-438F-940E-39CF420CEBDE}.Ad-Hoc|x86.ActiveCfg = Release|Any CPU
		{BDE170DB-A3C8-438F-940E-39CF420CEBDE}.Ad-Hoc|x86.Build.0 = Release|Any CPU
		{BDE170DB-A3C8-438F-940E-39CF420CEBDE}.AppStore|Any CPU.ActiveCfg = Release|Any CPU
		{BDE170DB-A3C8-438F-940E-39CF420CEBDE}.AppStore|Any CPU.Build.0 = Release|Any CPU
		{BDE170DB-A3C8-438F-940E-39CF420CEBDE}.AppStore|ARM.ActiveCfg = Release|Any CPU
		{BDE170DB-A3C8-438F-940E-39CF420CEBDE}.AppStore|ARM.Build.0 = Release|Any CPU
		{BDE170DB-A3C8-438F-940E-39CF420CEBDE}.AppStore|iPhone.ActiveCfg = Release|Any CPU
		{BDE170DB-A3C8-438F-940E-39CF420CEBDE}.AppStore|iPhone.Build.0 = Release|Any CPU
		{BDE170DB-A3C8-438F-940E-39CF420CEBDE}.AppStore|iPhoneSimulator.ActiveCfg = Release|Any CPU
		{BDE170DB-A3C8-438F-940E-39CF420CEBDE}.AppStore|iPhoneSimulator.Build.0 = Release|Any CPU
		{BDE170DB-A3C8-438F-940E-39CF420CEBDE}.AppStore|x64.ActiveCfg = Release|Any CPU
		{BDE170DB-A3C8-438F-940E-39CF420CEBDE}.AppStore|x64.Build.0 = Release|Any CPU
		{BDE170DB-A3C8-438F-940E-39CF420CEBDE}.AppStore|x86.ActiveCfg = Release|Any CPU
		{BDE170DB-A3C8-438F-940E-39CF420CEBDE}.AppStore|x86.Build.0 = Release|Any CPU
		{BDE170DB-A3C8-438F-940E-39CF420CEBDE}.Debug|Any CPU.ActiveCfg = Debug|Any CPU
		{BDE170DB-A3C8-438F-940E-39CF420CEBDE}.Debug|Any CPU.Build.0 = Debug|Any CPU
		{BDE170DB-A3C8-438F-940E-39CF420CEBDE}.Debug|ARM.ActiveCfg = Debug|Any CPU
		{BDE170DB-A3C8-438F-940E-39CF420CEBDE}.Debug|ARM.Build.0 = Debug|Any CPU
		{BDE170DB-A3C8-438F-940E-39CF420CEBDE}.Debug|iPhone.ActiveCfg = Debug|Any CPU
		{BDE170DB-A3C8-438F-940E-39CF420CEBDE}.Debug|iPhone.Build.0 = Debug|Any CPU
		{BDE170DB-A3C8-438F-940E-39CF420CEBDE}.Debug|iPhoneSimulator.ActiveCfg = Debug|Any CPU
		{BDE170DB-A3C8-438F-940E-39CF420CEBDE}.Debug|iPhoneSimulator.Build.0 = Debug|Any CPU
		{BDE170DB-A3C8-438F-940E-39CF420CEBDE}.Debug|x64.ActiveCfg = Debug|Any CPU
		{BDE170DB-A3C8-438F-940E-39CF420CEBDE}.Debug|x64.Build.0 = Debug|Any CPU
		{BDE170DB-A3C8-438F-940E-39CF420CEBDE}.Debug|x86.ActiveCfg = Debug|Any CPU
		{BDE170DB-A3C8-438F-940E-39CF420CEBDE}.Debug|x86.Build.0 = Debug|Any CPU
		{BDE170DB-A3C8-438F-940E-39CF420CEBDE}.Release|Any CPU.ActiveCfg = Release|Any CPU
		{BDE170DB-A3C8-438F-940E-39CF420CEBDE}.Release|Any CPU.Build.0 = Release|Any CPU
		{BDE170DB-A3C8-438F-940E-39CF420CEBDE}.Release|ARM.ActiveCfg = Release|Any CPU
		{BDE170DB-A3C8-438F-940E-39CF420CEBDE}.Release|ARM.Build.0 = Release|Any CPU
		{BDE170DB-A3C8-438F-940E-39CF420CEBDE}.Release|iPhone.ActiveCfg = Release|Any CPU
		{BDE170DB-A3C8-438F-940E-39CF420CEBDE}.Release|iPhone.Build.0 = Release|Any CPU
		{BDE170DB-A3C8-438F-940E-39CF420CEBDE}.Release|iPhoneSimulator.ActiveCfg = Release|Any CPU
		{BDE170DB-A3C8-438F-940E-39CF420CEBDE}.Release|iPhoneSimulator.Build.0 = Release|Any CPU
		{BDE170DB-A3C8-438F-940E-39CF420CEBDE}.Release|x64.ActiveCfg = Release|Any CPU
		{BDE170DB-A3C8-438F-940E-39CF420CEBDE}.Release|x64.Build.0 = Release|Any CPU
		{BDE170DB-A3C8-438F-940E-39CF420CEBDE}.Release|x86.ActiveCfg = Release|Any CPU
		{BDE170DB-A3C8-438F-940E-39CF420CEBDE}.Release|x86.Build.0 = Release|Any CPU
		{25444136-EB7D-478F-ABC9-C50E83B2B07D}.Ad-Hoc|Any CPU.ActiveCfg = Release|Any CPU
		{25444136-EB7D-478F-ABC9-C50E83B2B07D}.Ad-Hoc|Any CPU.Build.0 = Release|Any CPU
		{25444136-EB7D-478F-ABC9-C50E83B2B07D}.Ad-Hoc|ARM.ActiveCfg = Release|Any CPU
		{25444136-EB7D-478F-ABC9-C50E83B2B07D}.Ad-Hoc|ARM.Build.0 = Release|Any CPU
		{25444136-EB7D-478F-ABC9-C50E83B2B07D}.Ad-Hoc|iPhone.ActiveCfg = Release|Any CPU
		{25444136-EB7D-478F-ABC9-C50E83B2B07D}.Ad-Hoc|iPhone.Build.0 = Release|Any CPU
		{25444136-EB7D-478F-ABC9-C50E83B2B07D}.Ad-Hoc|iPhoneSimulator.ActiveCfg = Release|Any CPU
		{25444136-EB7D-478F-ABC9-C50E83B2B07D}.Ad-Hoc|iPhoneSimulator.Build.0 = Release|Any CPU
		{25444136-EB7D-478F-ABC9-C50E83B2B07D}.Ad-Hoc|x64.ActiveCfg = Release|Any CPU
		{25444136-EB7D-478F-ABC9-C50E83B2B07D}.Ad-Hoc|x64.Build.0 = Release|Any CPU
		{25444136-EB7D-478F-ABC9-C50E83B2B07D}.Ad-Hoc|x86.ActiveCfg = Release|Any CPU
		{25444136-EB7D-478F-ABC9-C50E83B2B07D}.Ad-Hoc|x86.Build.0 = Release|Any CPU
		{25444136-EB7D-478F-ABC9-C50E83B2B07D}.AppStore|Any CPU.ActiveCfg = Release|Any CPU
		{25444136-EB7D-478F-ABC9-C50E83B2B07D}.AppStore|Any CPU.Build.0 = Release|Any CPU
		{25444136-EB7D-478F-ABC9-C50E83B2B07D}.AppStore|ARM.ActiveCfg = Release|Any CPU
		{25444136-EB7D-478F-ABC9-C50E83B2B07D}.AppStore|ARM.Build.0 = Release|Any CPU
		{25444136-EB7D-478F-ABC9-C50E83B2B07D}.AppStore|iPhone.ActiveCfg = Release|Any CPU
		{25444136-EB7D-478F-ABC9-C50E83B2B07D}.AppStore|iPhone.Build.0 = Release|Any CPU
		{25444136-EB7D-478F-ABC9-C50E83B2B07D}.AppStore|iPhoneSimulator.ActiveCfg = Release|Any CPU
		{25444136-EB7D-478F-ABC9-C50E83B2B07D}.AppStore|iPhoneSimulator.Build.0 = Release|Any CPU
		{25444136-EB7D-478F-ABC9-C50E83B2B07D}.AppStore|x64.ActiveCfg = Release|Any CPU
		{25444136-EB7D-478F-ABC9-C50E83B2B07D}.AppStore|x64.Build.0 = Release|Any CPU
		{25444136-EB7D-478F-ABC9-C50E83B2B07D}.AppStore|x86.ActiveCfg = Release|Any CPU
		{25444136-EB7D-478F-ABC9-C50E83B2B07D}.AppStore|x86.Build.0 = Release|Any CPU
		{25444136-EB7D-478F-ABC9-C50E83B2B07D}.Debug|Any CPU.ActiveCfg = Debug|Any CPU
		{25444136-EB7D-478F-ABC9-C50E83B2B07D}.Debug|Any CPU.Build.0 = Debug|Any CPU
		{25444136-EB7D-478F-ABC9-C50E83B2B07D}.Debug|ARM.ActiveCfg = Debug|Any CPU
		{25444136-EB7D-478F-ABC9-C50E83B2B07D}.Debug|ARM.Build.0 = Debug|Any CPU
		{25444136-EB7D-478F-ABC9-C50E83B2B07D}.Debug|iPhone.ActiveCfg = Debug|Any CPU
		{25444136-EB7D-478F-ABC9-C50E83B2B07D}.Debug|iPhone.Build.0 = Debug|Any CPU
		{25444136-EB7D-478F-ABC9-C50E83B2B07D}.Debug|iPhoneSimulator.ActiveCfg = Debug|Any CPU
		{25444136-EB7D-478F-ABC9-C50E83B2B07D}.Debug|iPhoneSimulator.Build.0 = Debug|Any CPU
		{25444136-EB7D-478F-ABC9-C50E83B2B07D}.Debug|x64.ActiveCfg = Debug|Any CPU
		{25444136-EB7D-478F-ABC9-C50E83B2B07D}.Debug|x64.Build.0 = Debug|Any CPU
		{25444136-EB7D-478F-ABC9-C50E83B2B07D}.Debug|x86.ActiveCfg = Debug|Any CPU
		{25444136-EB7D-478F-ABC9-C50E83B2B07D}.Debug|x86.Build.0 = Debug|Any CPU
		{25444136-EB7D-478F-ABC9-C50E83B2B07D}.Release|Any CPU.ActiveCfg = Release|Any CPU
		{25444136-EB7D-478F-ABC9-C50E83B2B07D}.Release|Any CPU.Build.0 = Release|Any CPU
		{25444136-EB7D-478F-ABC9-C50E83B2B07D}.Release|ARM.ActiveCfg = Release|Any CPU
		{25444136-EB7D-478F-ABC9-C50E83B2B07D}.Release|ARM.Build.0 = Release|Any CPU
		{25444136-EB7D-478F-ABC9-C50E83B2B07D}.Release|iPhone.ActiveCfg = Release|Any CPU
		{25444136-EB7D-478F-ABC9-C50E83B2B07D}.Release|iPhone.Build.0 = Release|Any CPU
		{25444136-EB7D-478F-ABC9-C50E83B2B07D}.Release|iPhoneSimulator.ActiveCfg = Release|Any CPU
		{25444136-EB7D-478F-ABC9-C50E83B2B07D}.Release|iPhoneSimulator.Build.0 = Release|Any CPU
		{25444136-EB7D-478F-ABC9-C50E83B2B07D}.Release|x64.ActiveCfg = Release|Any CPU
		{25444136-EB7D-478F-ABC9-C50E83B2B07D}.Release|x64.Build.0 = Release|Any CPU
		{25444136-EB7D-478F-ABC9-C50E83B2B07D}.Release|x86.ActiveCfg = Release|Any CPU
		{25444136-EB7D-478F-ABC9-C50E83B2B07D}.Release|x86.Build.0 = Release|Any CPU
		{F6D87FD3-1A80-4F0D-B4F3-B7EFF3E36D12}.Ad-Hoc|Any CPU.ActiveCfg = Release|Any CPU
		{F6D87FD3-1A80-4F0D-B4F3-B7EFF3E36D12}.Ad-Hoc|Any CPU.Build.0 = Release|Any CPU
		{F6D87FD3-1A80-4F0D-B4F3-B7EFF3E36D12}.Ad-Hoc|ARM.ActiveCfg = Release|Any CPU
		{F6D87FD3-1A80-4F0D-B4F3-B7EFF3E36D12}.Ad-Hoc|ARM.Build.0 = Release|Any CPU
		{F6D87FD3-1A80-4F0D-B4F3-B7EFF3E36D12}.Ad-Hoc|iPhone.ActiveCfg = Release|Any CPU
		{F6D87FD3-1A80-4F0D-B4F3-B7EFF3E36D12}.Ad-Hoc|iPhone.Build.0 = Release|Any CPU
		{F6D87FD3-1A80-4F0D-B4F3-B7EFF3E36D12}.Ad-Hoc|iPhoneSimulator.ActiveCfg = Release|Any CPU
		{F6D87FD3-1A80-4F0D-B4F3-B7EFF3E36D12}.Ad-Hoc|iPhoneSimulator.Build.0 = Release|Any CPU
		{F6D87FD3-1A80-4F0D-B4F3-B7EFF3E36D12}.Ad-Hoc|x64.ActiveCfg = Release|Any CPU
		{F6D87FD3-1A80-4F0D-B4F3-B7EFF3E36D12}.Ad-Hoc|x64.Build.0 = Release|Any CPU
		{F6D87FD3-1A80-4F0D-B4F3-B7EFF3E36D12}.Ad-Hoc|x86.ActiveCfg = Release|Any CPU
		{F6D87FD3-1A80-4F0D-B4F3-B7EFF3E36D12}.Ad-Hoc|x86.Build.0 = Release|Any CPU
		{F6D87FD3-1A80-4F0D-B4F3-B7EFF3E36D12}.AppStore|Any CPU.ActiveCfg = Release|Any CPU
		{F6D87FD3-1A80-4F0D-B4F3-B7EFF3E36D12}.AppStore|Any CPU.Build.0 = Release|Any CPU
		{F6D87FD3-1A80-4F0D-B4F3-B7EFF3E36D12}.AppStore|ARM.ActiveCfg = Release|Any CPU
		{F6D87FD3-1A80-4F0D-B4F3-B7EFF3E36D12}.AppStore|ARM.Build.0 = Release|Any CPU
		{F6D87FD3-1A80-4F0D-B4F3-B7EFF3E36D12}.AppStore|iPhone.ActiveCfg = Release|Any CPU
		{F6D87FD3-1A80-4F0D-B4F3-B7EFF3E36D12}.AppStore|iPhone.Build.0 = Release|Any CPU
		{F6D87FD3-1A80-4F0D-B4F3-B7EFF3E36D12}.AppStore|iPhoneSimulator.ActiveCfg = Release|Any CPU
		{F6D87FD3-1A80-4F0D-B4F3-B7EFF3E36D12}.AppStore|iPhoneSimulator.Build.0 = Release|Any CPU
		{F6D87FD3-1A80-4F0D-B4F3-B7EFF3E36D12}.AppStore|x64.ActiveCfg = Release|Any CPU
		{F6D87FD3-1A80-4F0D-B4F3-B7EFF3E36D12}.AppStore|x64.Build.0 = Release|Any CPU
		{F6D87FD3-1A80-4F0D-B4F3-B7EFF3E36D12}.AppStore|x86.ActiveCfg = Release|Any CPU
		{F6D87FD3-1A80-4F0D-B4F3-B7EFF3E36D12}.AppStore|x86.Build.0 = Release|Any CPU
		{F6D87FD3-1A80-4F0D-B4F3-B7EFF3E36D12}.Debug|Any CPU.ActiveCfg = Debug|Any CPU
		{F6D87FD3-1A80-4F0D-B4F3-B7EFF3E36D12}.Debug|Any CPU.Build.0 = Debug|Any CPU
		{F6D87FD3-1A80-4F0D-B4F3-B7EFF3E36D12}.Debug|ARM.ActiveCfg = Debug|Any CPU
		{F6D87FD3-1A80-4F0D-B4F3-B7EFF3E36D12}.Debug|ARM.Build.0 = Debug|Any CPU
		{F6D87FD3-1A80-4F0D-B4F3-B7EFF3E36D12}.Debug|iPhone.ActiveCfg = Debug|Any CPU
		{F6D87FD3-1A80-4F0D-B4F3-B7EFF3E36D12}.Debug|iPhone.Build.0 = Debug|Any CPU
		{F6D87FD3-1A80-4F0D-B4F3-B7EFF3E36D12}.Debug|iPhoneSimulator.ActiveCfg = Debug|Any CPU
		{F6D87FD3-1A80-4F0D-B4F3-B7EFF3E36D12}.Debug|iPhoneSimulator.Build.0 = Debug|Any CPU
		{F6D87FD3-1A80-4F0D-B4F3-B7EFF3E36D12}.Debug|x64.ActiveCfg = Debug|Any CPU
		{F6D87FD3-1A80-4F0D-B4F3-B7EFF3E36D12}.Debug|x64.Build.0 = Debug|Any CPU
		{F6D87FD3-1A80-4F0D-B4F3-B7EFF3E36D12}.Debug|x86.ActiveCfg = Debug|Any CPU
		{F6D87FD3-1A80-4F0D-B4F3-B7EFF3E36D12}.Debug|x86.Build.0 = Debug|Any CPU
		{F6D87FD3-1A80-4F0D-B4F3-B7EFF3E36D12}.Release|Any CPU.ActiveCfg = Release|Any CPU
		{F6D87FD3-1A80-4F0D-B4F3-B7EFF3E36D12}.Release|Any CPU.Build.0 = Release|Any CPU
		{F6D87FD3-1A80-4F0D-B4F3-B7EFF3E36D12}.Release|ARM.ActiveCfg = Release|Any CPU
		{F6D87FD3-1A80-4F0D-B4F3-B7EFF3E36D12}.Release|ARM.Build.0 = Release|Any CPU
		{F6D87FD3-1A80-4F0D-B4F3-B7EFF3E36D12}.Release|iPhone.ActiveCfg = Release|Any CPU
		{F6D87FD3-1A80-4F0D-B4F3-B7EFF3E36D12}.Release|iPhone.Build.0 = Release|Any CPU
		{F6D87FD3-1A80-4F0D-B4F3-B7EFF3E36D12}.Release|iPhoneSimulator.ActiveCfg = Release|Any CPU
		{F6D87FD3-1A80-4F0D-B4F3-B7EFF3E36D12}.Release|iPhoneSimulator.Build.0 = Release|Any CPU
		{F6D87FD3-1A80-4F0D-B4F3-B7EFF3E36D12}.Release|x64.ActiveCfg = Release|Any CPU
		{F6D87FD3-1A80-4F0D-B4F3-B7EFF3E36D12}.Release|x64.Build.0 = Release|Any CPU
		{F6D87FD3-1A80-4F0D-B4F3-B7EFF3E36D12}.Release|x86.ActiveCfg = Release|Any CPU
		{F6D87FD3-1A80-4F0D-B4F3-B7EFF3E36D12}.Release|x86.Build.0 = Release|Any CPU
		{7168D675-1972-4CC1-A70B-0FA061C4122B}.Ad-Hoc|Any CPU.ActiveCfg = Release|Any CPU
		{7168D675-1972-4CC1-A70B-0FA061C4122B}.Ad-Hoc|Any CPU.Build.0 = Release|Any CPU
		{7168D675-1972-4CC1-A70B-0FA061C4122B}.Ad-Hoc|Any CPU.Deploy.0 = Release|Any CPU
		{7168D675-1972-4CC1-A70B-0FA061C4122B}.Ad-Hoc|ARM.ActiveCfg = Release|Any CPU
		{7168D675-1972-4CC1-A70B-0FA061C4122B}.Ad-Hoc|ARM.Build.0 = Release|Any CPU
		{7168D675-1972-4CC1-A70B-0FA061C4122B}.Ad-Hoc|ARM.Deploy.0 = Release|Any CPU
		{7168D675-1972-4CC1-A70B-0FA061C4122B}.Ad-Hoc|iPhone.ActiveCfg = Release|Any CPU
		{7168D675-1972-4CC1-A70B-0FA061C4122B}.Ad-Hoc|iPhone.Build.0 = Release|Any CPU
		{7168D675-1972-4CC1-A70B-0FA061C4122B}.Ad-Hoc|iPhone.Deploy.0 = Release|Any CPU
		{7168D675-1972-4CC1-A70B-0FA061C4122B}.Ad-Hoc|iPhoneSimulator.ActiveCfg = Release|Any CPU
		{7168D675-1972-4CC1-A70B-0FA061C4122B}.Ad-Hoc|iPhoneSimulator.Build.0 = Release|Any CPU
		{7168D675-1972-4CC1-A70B-0FA061C4122B}.Ad-Hoc|iPhoneSimulator.Deploy.0 = Release|Any CPU
		{7168D675-1972-4CC1-A70B-0FA061C4122B}.Ad-Hoc|x64.ActiveCfg = Release|Any CPU
		{7168D675-1972-4CC1-A70B-0FA061C4122B}.Ad-Hoc|x64.Build.0 = Release|Any CPU
		{7168D675-1972-4CC1-A70B-0FA061C4122B}.Ad-Hoc|x64.Deploy.0 = Release|Any CPU
		{7168D675-1972-4CC1-A70B-0FA061C4122B}.Ad-Hoc|x86.ActiveCfg = Release|Any CPU
		{7168D675-1972-4CC1-A70B-0FA061C4122B}.Ad-Hoc|x86.Build.0 = Release|Any CPU
		{7168D675-1972-4CC1-A70B-0FA061C4122B}.Ad-Hoc|x86.Deploy.0 = Release|Any CPU
		{7168D675-1972-4CC1-A70B-0FA061C4122B}.AppStore|Any CPU.ActiveCfg = Release|Any CPU
		{7168D675-1972-4CC1-A70B-0FA061C4122B}.AppStore|Any CPU.Build.0 = Release|Any CPU
		{7168D675-1972-4CC1-A70B-0FA061C4122B}.AppStore|Any CPU.Deploy.0 = Release|Any CPU
		{7168D675-1972-4CC1-A70B-0FA061C4122B}.AppStore|ARM.ActiveCfg = Release|Any CPU
		{7168D675-1972-4CC1-A70B-0FA061C4122B}.AppStore|ARM.Build.0 = Release|Any CPU
		{7168D675-1972-4CC1-A70B-0FA061C4122B}.AppStore|ARM.Deploy.0 = Release|Any CPU
		{7168D675-1972-4CC1-A70B-0FA061C4122B}.AppStore|iPhone.ActiveCfg = Release|Any CPU
		{7168D675-1972-4CC1-A70B-0FA061C4122B}.AppStore|iPhone.Build.0 = Release|Any CPU
		{7168D675-1972-4CC1-A70B-0FA061C4122B}.AppStore|iPhone.Deploy.0 = Release|Any CPU
		{7168D675-1972-4CC1-A70B-0FA061C4122B}.AppStore|iPhoneSimulator.ActiveCfg = Release|Any CPU
		{7168D675-1972-4CC1-A70B-0FA061C4122B}.AppStore|iPhoneSimulator.Build.0 = Release|Any CPU
		{7168D675-1972-4CC1-A70B-0FA061C4122B}.AppStore|iPhoneSimulator.Deploy.0 = Release|Any CPU
		{7168D675-1972-4CC1-A70B-0FA061C4122B}.AppStore|x64.ActiveCfg = Release|Any CPU
		{7168D675-1972-4CC1-A70B-0FA061C4122B}.AppStore|x64.Build.0 = Release|Any CPU
		{7168D675-1972-4CC1-A70B-0FA061C4122B}.AppStore|x64.Deploy.0 = Release|Any CPU
		{7168D675-1972-4CC1-A70B-0FA061C4122B}.AppStore|x86.ActiveCfg = Release|Any CPU
		{7168D675-1972-4CC1-A70B-0FA061C4122B}.AppStore|x86.Build.0 = Release|Any CPU
		{7168D675-1972-4CC1-A70B-0FA061C4122B}.AppStore|x86.Deploy.0 = Release|Any CPU
		{7168D675-1972-4CC1-A70B-0FA061C4122B}.Debug|Any CPU.ActiveCfg = Debug|Any CPU
		{7168D675-1972-4CC1-A70B-0FA061C4122B}.Debug|Any CPU.Build.0 = Debug|Any CPU
		{7168D675-1972-4CC1-A70B-0FA061C4122B}.Debug|Any CPU.Deploy.0 = Debug|Any CPU
		{7168D675-1972-4CC1-A70B-0FA061C4122B}.Debug|ARM.ActiveCfg = Debug|Any CPU
		{7168D675-1972-4CC1-A70B-0FA061C4122B}.Debug|ARM.Build.0 = Debug|Any CPU
		{7168D675-1972-4CC1-A70B-0FA061C4122B}.Debug|ARM.Deploy.0 = Debug|Any CPU
		{7168D675-1972-4CC1-A70B-0FA061C4122B}.Debug|iPhone.ActiveCfg = Debug|Any CPU
		{7168D675-1972-4CC1-A70B-0FA061C4122B}.Debug|iPhone.Build.0 = Debug|Any CPU
		{7168D675-1972-4CC1-A70B-0FA061C4122B}.Debug|iPhone.Deploy.0 = Debug|Any CPU
		{7168D675-1972-4CC1-A70B-0FA061C4122B}.Debug|iPhoneSimulator.ActiveCfg = Debug|Any CPU
		{7168D675-1972-4CC1-A70B-0FA061C4122B}.Debug|iPhoneSimulator.Build.0 = Debug|Any CPU
		{7168D675-1972-4CC1-A70B-0FA061C4122B}.Debug|iPhoneSimulator.Deploy.0 = Debug|Any CPU
		{7168D675-1972-4CC1-A70B-0FA061C4122B}.Debug|x64.ActiveCfg = Debug|Any CPU
		{7168D675-1972-4CC1-A70B-0FA061C4122B}.Debug|x64.Build.0 = Debug|Any CPU
		{7168D675-1972-4CC1-A70B-0FA061C4122B}.Debug|x64.Deploy.0 = Debug|Any CPU
		{7168D675-1972-4CC1-A70B-0FA061C4122B}.Debug|x86.ActiveCfg = Debug|Any CPU
		{7168D675-1972-4CC1-A70B-0FA061C4122B}.Debug|x86.Build.0 = Debug|Any CPU
		{7168D675-1972-4CC1-A70B-0FA061C4122B}.Debug|x86.Deploy.0 = Debug|Any CPU
		{7168D675-1972-4CC1-A70B-0FA061C4122B}.Release|Any CPU.ActiveCfg = Release|Any CPU
		{7168D675-1972-4CC1-A70B-0FA061C4122B}.Release|Any CPU.Build.0 = Release|Any CPU
		{7168D675-1972-4CC1-A70B-0FA061C4122B}.Release|Any CPU.Deploy.0 = Release|Any CPU
		{7168D675-1972-4CC1-A70B-0FA061C4122B}.Release|ARM.ActiveCfg = Release|Any CPU
		{7168D675-1972-4CC1-A70B-0FA061C4122B}.Release|ARM.Build.0 = Release|Any CPU
		{7168D675-1972-4CC1-A70B-0FA061C4122B}.Release|ARM.Deploy.0 = Release|Any CPU
		{7168D675-1972-4CC1-A70B-0FA061C4122B}.Release|iPhone.ActiveCfg = Release|Any CPU
		{7168D675-1972-4CC1-A70B-0FA061C4122B}.Release|iPhone.Build.0 = Release|Any CPU
		{7168D675-1972-4CC1-A70B-0FA061C4122B}.Release|iPhone.Deploy.0 = Release|Any CPU
		{7168D675-1972-4CC1-A70B-0FA061C4122B}.Release|iPhoneSimulator.ActiveCfg = Release|Any CPU
		{7168D675-1972-4CC1-A70B-0FA061C4122B}.Release|iPhoneSimulator.Build.0 = Release|Any CPU
		{7168D675-1972-4CC1-A70B-0FA061C4122B}.Release|iPhoneSimulator.Deploy.0 = Release|Any CPU
		{7168D675-1972-4CC1-A70B-0FA061C4122B}.Release|x64.ActiveCfg = Release|Any CPU
		{7168D675-1972-4CC1-A70B-0FA061C4122B}.Release|x64.Build.0 = Release|Any CPU
		{7168D675-1972-4CC1-A70B-0FA061C4122B}.Release|x64.Deploy.0 = Release|Any CPU
		{7168D675-1972-4CC1-A70B-0FA061C4122B}.Release|x86.ActiveCfg = Release|Any CPU
		{7168D675-1972-4CC1-A70B-0FA061C4122B}.Release|x86.Build.0 = Release|Any CPU
		{7168D675-1972-4CC1-A70B-0FA061C4122B}.Release|x86.Deploy.0 = Release|Any CPU
		{223FB81E-C157-46DC-BADB-0A1FCFE21301}.Ad-Hoc|Any CPU.ActiveCfg = Ad-Hoc|iPhone
		{223FB81E-C157-46DC-BADB-0A1FCFE21301}.Ad-Hoc|ARM.ActiveCfg = Ad-Hoc|iPhone
		{223FB81E-C157-46DC-BADB-0A1FCFE21301}.Ad-Hoc|iPhone.ActiveCfg = Ad-Hoc|iPhone
		{223FB81E-C157-46DC-BADB-0A1FCFE21301}.Ad-Hoc|iPhone.Build.0 = Ad-Hoc|iPhone
		{223FB81E-C157-46DC-BADB-0A1FCFE21301}.Ad-Hoc|iPhoneSimulator.ActiveCfg = Ad-Hoc|iPhoneSimulator
		{223FB81E-C157-46DC-BADB-0A1FCFE21301}.Ad-Hoc|iPhoneSimulator.Build.0 = Ad-Hoc|iPhoneSimulator
		{223FB81E-C157-46DC-BADB-0A1FCFE21301}.Ad-Hoc|x64.ActiveCfg = Ad-Hoc|iPhone
		{223FB81E-C157-46DC-BADB-0A1FCFE21301}.Ad-Hoc|x86.ActiveCfg = Ad-Hoc|iPhone
		{223FB81E-C157-46DC-BADB-0A1FCFE21301}.AppStore|Any CPU.ActiveCfg = AppStore|iPhone
		{223FB81E-C157-46DC-BADB-0A1FCFE21301}.AppStore|ARM.ActiveCfg = AppStore|iPhone
		{223FB81E-C157-46DC-BADB-0A1FCFE21301}.AppStore|iPhone.ActiveCfg = AppStore|iPhone
		{223FB81E-C157-46DC-BADB-0A1FCFE21301}.AppStore|iPhone.Build.0 = AppStore|iPhone
		{223FB81E-C157-46DC-BADB-0A1FCFE21301}.AppStore|iPhoneSimulator.ActiveCfg = AppStore|iPhoneSimulator
		{223FB81E-C157-46DC-BADB-0A1FCFE21301}.AppStore|iPhoneSimulator.Build.0 = AppStore|iPhoneSimulator
		{223FB81E-C157-46DC-BADB-0A1FCFE21301}.AppStore|x64.ActiveCfg = AppStore|iPhone
		{223FB81E-C157-46DC-BADB-0A1FCFE21301}.AppStore|x86.ActiveCfg = AppStore|iPhone
		{223FB81E-C157-46DC-BADB-0A1FCFE21301}.Debug|Any CPU.ActiveCfg = Debug|iPhone
		{223FB81E-C157-46DC-BADB-0A1FCFE21301}.Debug|ARM.ActiveCfg = Debug|iPhone
		{223FB81E-C157-46DC-BADB-0A1FCFE21301}.Debug|iPhone.ActiveCfg = Debug|iPhone
		{223FB81E-C157-46DC-BADB-0A1FCFE21301}.Debug|iPhone.Build.0 = Debug|iPhone
		{223FB81E-C157-46DC-BADB-0A1FCFE21301}.Debug|iPhoneSimulator.ActiveCfg = Debug|iPhoneSimulator
		{223FB81E-C157-46DC-BADB-0A1FCFE21301}.Debug|iPhoneSimulator.Build.0 = Debug|iPhoneSimulator
		{223FB81E-C157-46DC-BADB-0A1FCFE21301}.Debug|x64.ActiveCfg = Debug|iPhone
		{223FB81E-C157-46DC-BADB-0A1FCFE21301}.Debug|x86.ActiveCfg = Debug|iPhone
		{223FB81E-C157-46DC-BADB-0A1FCFE21301}.Release|Any CPU.ActiveCfg = Release|iPhone
		{223FB81E-C157-46DC-BADB-0A1FCFE21301}.Release|ARM.ActiveCfg = Release|iPhone
		{223FB81E-C157-46DC-BADB-0A1FCFE21301}.Release|iPhone.ActiveCfg = Release|iPhone
		{223FB81E-C157-46DC-BADB-0A1FCFE21301}.Release|iPhone.Build.0 = Release|iPhone
		{223FB81E-C157-46DC-BADB-0A1FCFE21301}.Release|iPhoneSimulator.ActiveCfg = Release|iPhoneSimulator
		{223FB81E-C157-46DC-BADB-0A1FCFE21301}.Release|iPhoneSimulator.Build.0 = Release|iPhoneSimulator
		{223FB81E-C157-46DC-BADB-0A1FCFE21301}.Release|x64.ActiveCfg = Release|iPhone
		{223FB81E-C157-46DC-BADB-0A1FCFE21301}.Release|x86.ActiveCfg = Release|iPhone
		{FA683C39-090F-4F57-B540-B049C935943F}.Ad-Hoc|Any CPU.ActiveCfg = Release|x86
		{FA683C39-090F-4F57-B540-B049C935943F}.Ad-Hoc|Any CPU.Build.0 = Release|x86
		{FA683C39-090F-4F57-B540-B049C935943F}.Ad-Hoc|Any CPU.Deploy.0 = Release|x86
		{FA683C39-090F-4F57-B540-B049C935943F}.Ad-Hoc|ARM.ActiveCfg = Release|ARM
		{FA683C39-090F-4F57-B540-B049C935943F}.Ad-Hoc|ARM.Build.0 = Release|ARM
		{FA683C39-090F-4F57-B540-B049C935943F}.Ad-Hoc|ARM.Deploy.0 = Release|ARM
		{FA683C39-090F-4F57-B540-B049C935943F}.Ad-Hoc|iPhone.ActiveCfg = Release|x86
		{FA683C39-090F-4F57-B540-B049C935943F}.Ad-Hoc|iPhone.Build.0 = Release|x86
		{FA683C39-090F-4F57-B540-B049C935943F}.Ad-Hoc|iPhone.Deploy.0 = Release|x86
		{FA683C39-090F-4F57-B540-B049C935943F}.Ad-Hoc|iPhoneSimulator.ActiveCfg = Release|x86
		{FA683C39-090F-4F57-B540-B049C935943F}.Ad-Hoc|iPhoneSimulator.Build.0 = Release|x86
		{FA683C39-090F-4F57-B540-B049C935943F}.Ad-Hoc|iPhoneSimulator.Deploy.0 = Release|x86
		{FA683C39-090F-4F57-B540-B049C935943F}.Ad-Hoc|x64.ActiveCfg = Release|x64
		{FA683C39-090F-4F57-B540-B049C935943F}.Ad-Hoc|x64.Build.0 = Release|x64
		{FA683C39-090F-4F57-B540-B049C935943F}.Ad-Hoc|x64.Deploy.0 = Release|x64
		{FA683C39-090F-4F57-B540-B049C935943F}.Ad-Hoc|x86.ActiveCfg = Release|x86
		{FA683C39-090F-4F57-B540-B049C935943F}.Ad-Hoc|x86.Build.0 = Release|x86
		{FA683C39-090F-4F57-B540-B049C935943F}.Ad-Hoc|x86.Deploy.0 = Release|x86
		{FA683C39-090F-4F57-B540-B049C935943F}.AppStore|Any CPU.ActiveCfg = Release|x86
		{FA683C39-090F-4F57-B540-B049C935943F}.AppStore|Any CPU.Build.0 = Release|x86
		{FA683C39-090F-4F57-B540-B049C935943F}.AppStore|Any CPU.Deploy.0 = Release|x86
		{FA683C39-090F-4F57-B540-B049C935943F}.AppStore|ARM.ActiveCfg = Release|ARM
		{FA683C39-090F-4F57-B540-B049C935943F}.AppStore|ARM.Build.0 = Release|ARM
		{FA683C39-090F-4F57-B540-B049C935943F}.AppStore|ARM.Deploy.0 = Release|ARM
		{FA683C39-090F-4F57-B540-B049C935943F}.AppStore|iPhone.ActiveCfg = Release|x86
		{FA683C39-090F-4F57-B540-B049C935943F}.AppStore|iPhone.Build.0 = Release|x86
		{FA683C39-090F-4F57-B540-B049C935943F}.AppStore|iPhone.Deploy.0 = Release|x86
		{FA683C39-090F-4F57-B540-B049C935943F}.AppStore|iPhoneSimulator.ActiveCfg = Release|x86
		{FA683C39-090F-4F57-B540-B049C935943F}.AppStore|iPhoneSimulator.Build.0 = Release|x86
		{FA683C39-090F-4F57-B540-B049C935943F}.AppStore|iPhoneSimulator.Deploy.0 = Release|x86
		{FA683C39-090F-4F57-B540-B049C935943F}.AppStore|x64.ActiveCfg = Release|x64
		{FA683C39-090F-4F57-B540-B049C935943F}.AppStore|x64.Build.0 = Release|x64
		{FA683C39-090F-4F57-B540-B049C935943F}.AppStore|x64.Deploy.0 = Release|x64
		{FA683C39-090F-4F57-B540-B049C935943F}.AppStore|x86.ActiveCfg = Release|x86
		{FA683C39-090F-4F57-B540-B049C935943F}.AppStore|x86.Build.0 = Release|x86
		{FA683C39-090F-4F57-B540-B049C935943F}.AppStore|x86.Deploy.0 = Release|x86
		{FA683C39-090F-4F57-B540-B049C935943F}.Debug|Any CPU.ActiveCfg = Debug|x86
		{FA683C39-090F-4F57-B540-B049C935943F}.Debug|ARM.ActiveCfg = Debug|ARM
		{FA683C39-090F-4F57-B540-B049C935943F}.Debug|ARM.Build.0 = Debug|ARM
		{FA683C39-090F-4F57-B540-B049C935943F}.Debug|ARM.Deploy.0 = Debug|ARM
		{FA683C39-090F-4F57-B540-B049C935943F}.Debug|iPhone.ActiveCfg = Debug|x86
		{FA683C39-090F-4F57-B540-B049C935943F}.Debug|iPhoneSimulator.ActiveCfg = Debug|x86
		{FA683C39-090F-4F57-B540-B049C935943F}.Debug|x64.ActiveCfg = Debug|x64
		{FA683C39-090F-4F57-B540-B049C935943F}.Debug|x64.Build.0 = Debug|x64
		{FA683C39-090F-4F57-B540-B049C935943F}.Debug|x64.Deploy.0 = Debug|x64
		{FA683C39-090F-4F57-B540-B049C935943F}.Debug|x86.ActiveCfg = Debug|x86
		{FA683C39-090F-4F57-B540-B049C935943F}.Debug|x86.Build.0 = Debug|x86
		{FA683C39-090F-4F57-B540-B049C935943F}.Debug|x86.Deploy.0 = Debug|x86
		{FA683C39-090F-4F57-B540-B049C935943F}.Release|Any CPU.ActiveCfg = Release|x86
		{FA683C39-090F-4F57-B540-B049C935943F}.Release|ARM.ActiveCfg = Release|ARM
		{FA683C39-090F-4F57-B540-B049C935943F}.Release|ARM.Build.0 = Release|ARM
		{FA683C39-090F-4F57-B540-B049C935943F}.Release|ARM.Deploy.0 = Release|ARM
		{FA683C39-090F-4F57-B540-B049C935943F}.Release|iPhone.ActiveCfg = Release|x86
		{FA683C39-090F-4F57-B540-B049C935943F}.Release|iPhoneSimulator.ActiveCfg = Release|x86
		{FA683C39-090F-4F57-B540-B049C935943F}.Release|x64.ActiveCfg = Release|x64
		{FA683C39-090F-4F57-B540-B049C935943F}.Release|x64.Build.0 = Release|x64
		{FA683C39-090F-4F57-B540-B049C935943F}.Release|x64.Deploy.0 = Release|x64
		{FA683C39-090F-4F57-B540-B049C935943F}.Release|x86.ActiveCfg = Release|x86
		{FA683C39-090F-4F57-B540-B049C935943F}.Release|x86.Build.0 = Release|x86
		{FA683C39-090F-4F57-B540-B049C935943F}.Release|x86.Deploy.0 = Release|x86
		{E899482A-995E-4067-A7EB-668C7EA4DADE}.Ad-Hoc|Any CPU.ActiveCfg = Debug|Any CPU
		{E899482A-995E-4067-A7EB-668C7EA4DADE}.Ad-Hoc|Any CPU.Build.0 = Debug|Any CPU
		{E899482A-995E-4067-A7EB-668C7EA4DADE}.Ad-Hoc|ARM.ActiveCfg = Debug|Any CPU
		{E899482A-995E-4067-A7EB-668C7EA4DADE}.Ad-Hoc|ARM.Build.0 = Debug|Any CPU
		{E899482A-995E-4067-A7EB-668C7EA4DADE}.Ad-Hoc|iPhone.ActiveCfg = Debug|Any CPU
		{E899482A-995E-4067-A7EB-668C7EA4DADE}.Ad-Hoc|iPhone.Build.0 = Debug|Any CPU
		{E899482A-995E-4067-A7EB-668C7EA4DADE}.Ad-Hoc|iPhoneSimulator.ActiveCfg = Debug|Any CPU
		{E899482A-995E-4067-A7EB-668C7EA4DADE}.Ad-Hoc|iPhoneSimulator.Build.0 = Debug|Any CPU
		{E899482A-995E-4067-A7EB-668C7EA4DADE}.Ad-Hoc|x64.ActiveCfg = Debug|Any CPU
		{E899482A-995E-4067-A7EB-668C7EA4DADE}.Ad-Hoc|x64.Build.0 = Debug|Any CPU
		{E899482A-995E-4067-A7EB-668C7EA4DADE}.Ad-Hoc|x86.ActiveCfg = Debug|Any CPU
		{E899482A-995E-4067-A7EB-668C7EA4DADE}.Ad-Hoc|x86.Build.0 = Debug|Any CPU
		{E899482A-995E-4067-A7EB-668C7EA4DADE}.AppStore|Any CPU.ActiveCfg = Debug|Any CPU
		{E899482A-995E-4067-A7EB-668C7EA4DADE}.AppStore|Any CPU.Build.0 = Debug|Any CPU
		{E899482A-995E-4067-A7EB-668C7EA4DADE}.AppStore|ARM.ActiveCfg = Debug|Any CPU
		{E899482A-995E-4067-A7EB-668C7EA4DADE}.AppStore|ARM.Build.0 = Debug|Any CPU
		{E899482A-995E-4067-A7EB-668C7EA4DADE}.AppStore|iPhone.ActiveCfg = Debug|Any CPU
		{E899482A-995E-4067-A7EB-668C7EA4DADE}.AppStore|iPhone.Build.0 = Debug|Any CPU
		{E899482A-995E-4067-A7EB-668C7EA4DADE}.AppStore|iPhoneSimulator.ActiveCfg = Debug|Any CPU
		{E899482A-995E-4067-A7EB-668C7EA4DADE}.AppStore|iPhoneSimulator.Build.0 = Debug|Any CPU
		{E899482A-995E-4067-A7EB-668C7EA4DADE}.AppStore|x64.ActiveCfg = Debug|Any CPU
		{E899482A-995E-4067-A7EB-668C7EA4DADE}.AppStore|x64.Build.0 = Debug|Any CPU
		{E899482A-995E-4067-A7EB-668C7EA4DADE}.AppStore|x86.ActiveCfg = Debug|Any CPU
		{E899482A-995E-4067-A7EB-668C7EA4DADE}.AppStore|x86.Build.0 = Debug|Any CPU
		{E899482A-995E-4067-A7EB-668C7EA4DADE}.Debug|Any CPU.ActiveCfg = Debug|Any CPU
		{E899482A-995E-4067-A7EB-668C7EA4DADE}.Debug|Any CPU.Build.0 = Debug|Any CPU
		{E899482A-995E-4067-A7EB-668C7EA4DADE}.Debug|ARM.ActiveCfg = Debug|Any CPU
		{E899482A-995E-4067-A7EB-668C7EA4DADE}.Debug|ARM.Build.0 = Debug|Any CPU
		{E899482A-995E-4067-A7EB-668C7EA4DADE}.Debug|iPhone.ActiveCfg = Debug|Any CPU
		{E899482A-995E-4067-A7EB-668C7EA4DADE}.Debug|iPhone.Build.0 = Debug|Any CPU
		{E899482A-995E-4067-A7EB-668C7EA4DADE}.Debug|iPhoneSimulator.ActiveCfg = Debug|Any CPU
		{E899482A-995E-4067-A7EB-668C7EA4DADE}.Debug|iPhoneSimulator.Build.0 = Debug|Any CPU
		{E899482A-995E-4067-A7EB-668C7EA4DADE}.Debug|x64.ActiveCfg = Debug|Any CPU
		{E899482A-995E-4067-A7EB-668C7EA4DADE}.Debug|x64.Build.0 = Debug|Any CPU
		{E899482A-995E-4067-A7EB-668C7EA4DADE}.Debug|x86.ActiveCfg = Debug|Any CPU
		{E899482A-995E-4067-A7EB-668C7EA4DADE}.Debug|x86.Build.0 = Debug|Any CPU
		{E899482A-995E-4067-A7EB-668C7EA4DADE}.Release|Any CPU.ActiveCfg = Release|Any CPU
		{E899482A-995E-4067-A7EB-668C7EA4DADE}.Release|Any CPU.Build.0 = Release|Any CPU
		{E899482A-995E-4067-A7EB-668C7EA4DADE}.Release|ARM.ActiveCfg = Release|Any CPU
		{E899482A-995E-4067-A7EB-668C7EA4DADE}.Release|ARM.Build.0 = Release|Any CPU
		{E899482A-995E-4067-A7EB-668C7EA4DADE}.Release|iPhone.ActiveCfg = Release|Any CPU
		{E899482A-995E-4067-A7EB-668C7EA4DADE}.Release|iPhone.Build.0 = Release|Any CPU
		{E899482A-995E-4067-A7EB-668C7EA4DADE}.Release|iPhoneSimulator.ActiveCfg = Release|Any CPU
		{E899482A-995E-4067-A7EB-668C7EA4DADE}.Release|iPhoneSimulator.Build.0 = Release|Any CPU
		{E899482A-995E-4067-A7EB-668C7EA4DADE}.Release|x64.ActiveCfg = Release|Any CPU
		{E899482A-995E-4067-A7EB-668C7EA4DADE}.Release|x64.Build.0 = Release|Any CPU
		{E899482A-995E-4067-A7EB-668C7EA4DADE}.Release|x86.ActiveCfg = Release|Any CPU
		{E899482A-995E-4067-A7EB-668C7EA4DADE}.Release|x86.Build.0 = Release|Any CPU
	EndGlobalSection
	GlobalSection(SolutionProperties) = preSolution
		HideSolutionNode = FALSE
	EndGlobalSection
	GlobalSection(NestedProjects) = preSolution
		{3D5303B2-923E-46C2-BEA3-2C4396134BA8} = {9520DED6-50A3-45D2-8576-9992E03BC5E4}
		{6394A7B7-328F-41E2-B73C-6E70F1DFF6BE} = {9520DED6-50A3-45D2-8576-9992E03BC5E4}
		{BDE170DB-A3C8-438F-940E-39CF420CEBDE} = {9520DED6-50A3-45D2-8576-9992E03BC5E4}
		{25444136-EB7D-478F-ABC9-C50E83B2B07D} = {4F0B724A-C55C-48D0-A5FE-BCE5A3F9E2AA}
		{F6D87FD3-1A80-4F0D-B4F3-B7EFF3E36D12} = {4F0B724A-C55C-48D0-A5FE-BCE5A3F9E2AA}
		{7168D675-1972-4CC1-A70B-0FA061C4122B} = {4DCF1465-AE98-4BFD-A840-FDE600D98C05}
	EndGlobalSection
	GlobalSection(ExtensibilityGlobals) = postSolution
		SolutionGuid = {EEF839F1-2D8B-4570-93B3-3883FC783EF1}
	EndGlobalSection
EndGlobal
